
Microsoft Visual Studio Solution File, Format Version 12.00
# Visual Studio 14
VisualStudioVersion = 14.0.25420.1
MinimumVisualStudioVersion = 10.0.40219.1
Project("{8BC9CEB8-8B4A-11D0-8D11-00A0C91BC942}") = "Project3", "Project3\Project3.vcxproj", "{A92F7EA0-3EBE-4CEA-AF22-778F69359C35}"
EndProject
Project("{8BC9CEB8-8B4A-11D0-8D11-00A0C91BC942}") = "rockPaperScisors", "rockPaperScisors\rockPaperScisors.vcxproj", "{66EFB448-C954-45F5-A686-C4C223D5B0C1}"
EndProject
Project("{8BC9CEB8-8B4A-11D0-8D11-00A0C91BC942}") = "Project1", "Project1\Project1.vcxproj", "{168FDBBC-ABF8-4D20-9992-A53CB3B7D6F3}"
EndProject
Project("{8BC9CEB8-8B4A-11D0-8D11-00A0C91BC942}") = "Project2", "Project2\Project2.vcxproj", "{D7415F71-AEE8-4137-95E3-3E6EC7546905}"
EndProject
Global
	GlobalSection(SolutionConfigurationPlatforms) = preSolution
		Debug|x64 = Debug|x64
		Debug|x86 = Debug|x86
		Release|x64 = Release|x64
		Release|x86 = Release|x86
	EndGlobalSection
	GlobalSection(ProjectConfigurationPlatforms) = postSolution
		{A92F7EA0-3EBE-4CEA-AF22-778F69359C35}.Debug|x64.ActiveCfg = Debug|x64
		{A92F7EA0-3EBE-4CEA-AF22-778F69359C35}.Debug|x64.Build.0 = Debug|x64
		{A92F7EA0-3EBE-4CEA-AF22-778F69359C35}.Debug|x86.ActiveCfg = Debug|Win32
		{A92F7EA0-3EBE-4CEA-AF22-778F69359C35}.Debug|x86.Build.0 = Debug|Win32
		{A92F7EA0-3EBE-4CEA-AF22-778F69359C35}.Release|x64.ActiveCfg = Release|x64
		{A92F7EA0-3EBE-4CEA-AF22-778F69359C35}.Release|x64.Build.0 = Release|x64
		{A92F7EA0-3EBE-4CEA-AF22-778F69359C35}.Release|x86.ActiveCfg = Release|Win32
		{A92F7EA0-3EBE-4CEA-AF22-778F69359C35}.Release|x86.Build.0 = Release|Win32
		{66EFB448-C954-45F5-A686-C4C223D5B0C1}.Debug|x64.ActiveCfg = Debug|x64
		{66EFB448-C954-45F5-A686-C4C223D5B0C1}.Debug|x64.Build.0 = Debug|x64
		{66EFB448-C954-45F5-A686-C4C223D5B0C1}.Debug|x86.ActiveCfg = Debug|Win32
		{66EFB448-C954-45F5-A686-C4C223D5B0C1}.Debug|x86.Build.0 = Debug|Win32
		{66EFB448-C954-45F5-A686-C4C223D5B0C1}.Release|x64.ActiveCfg = Release|x64
		{66EFB448-C954-45F5-A686-C4C223D5B0C1}.Release|x64.Build.0 = Release|x64
		{66EFB448-C954-45F5-A686-C4C223D5B0C1}.Release|x86.ActiveCfg = Release|Win32
		{66EFB448-C954-45F5-A686-C4C223D5B0C1}.Release|x86.Build.0 = Release|Win32
		{168FDBBC-ABF8-4D20-9992-A53CB3B7D6F3}.Debug|x64.ActiveCfg = Debug|x64
		{168FDBBC-ABF8-4D20-9992-A53CB3B7D6F3}.Debug|x64.Build.0 = Debug|x64
		{168FDBBC-ABF8-4D20-9992-A53CB3B7D6F3}.Debug|x86.ActiveCfg = Debug|Win32
		{168FDBBC-ABF8-4D20-9992-A53CB3B7D6F3}.Debug|x86.Build.0 = Debug|Win32
		{168FDBBC-ABF8-4D20-9992-A53CB3B7D6F3}.Release|x64.ActiveCfg = Release|x64
		{168FDBBC-ABF8-4D20-9992-A53CB3B7D6F3}.Release|x64.Build.0 = Release|x64
		{168FDBBC-ABF8-4D20-9992-A53CB3B7D6F3}.Release|x86.ActiveCfg = Release|Win32
		{168FDBBC-ABF8-4D20-9992-A53CB3B7D6F3}.Release|x86.Build.0 = Release|Win32
		{D7415F71-AEE8-4137-95E3-3E6EC7546905}.Debug|x64.ActiveCfg = Debug|x64
		{D7415F71-AEE8-4137-95E3-3E6EC7546905}.Debug|x64.Build.0 = Debug|x64
		{D7415F71-AEE8-4137-95E3-3E6EC7546905}.Debug|x86.ActiveCfg = Debug|Win32
		{D7415F71-AEE8-4137-95E3-3E6EC7546905}.Debug|x86.Build.0 = Debug|Win32
		{D7415F71-AEE8-4137-95E3-3E6EC7546905}.Release|x64.ActiveCfg = Release|x64
		{D7415F71-AEE8-4137-95E3-3E6EC7546905}.Release|x64.Build.0 = Release|x64
		{D7415F71-AEE8-4137-95E3-3E6EC7546905}.Release|x86.ActiveCfg = Release|Win32
		{D7415F71-AEE8-4137-95E3-3E6EC7546905}.Release|x86.Build.0 = Release|Win32
	EndGlobalSection
	GlobalSection(SolutionProperties) = preSolution
		HideSolutionNode = FALSE
	EndGlobalSection
EndGlobal
